{
  "originHash" : "e629d4e659f348e9aa0c32b4242c8eb1fd3a9518081767dd0ce4c6fd7f4b6a8b",
  "pins" : [
    {
      "identity" : "metal-math",
      "kind" : "remoteSourceControl",
      "location" : "git@github.com:zehuac2/metal-math.git",
      "state" : {
        "branch" : "main",
        "revision" : "e199f8517e36b77f17bcee55c38e804e56aa5ec7"
      }
    }
  ],
  "version" : 3
}
