<Solution>
  <Configurations>
    <Platform Name="Any CPU" />
    <Platform Name="x64" />
    <Platform Name="x86" />
  </Configurations>
  <Folder Name="/src/">
    <Project Path="src/Graph/Graph.csproj" />
    <Project Path="src/String/String.csproj" />
  </Folder>
  <Folder Name="/tests/">
    <Project Path="tests/Graph.Tests/Graph.Tests.csproj" />
    <Project Path="tests/String.Tests/String.Tests.csproj" />
  </Folder>
</Solution>
