
Microsoft Visual Studio Solution File, Format Version 12.00
# Visual Studio 15
VisualStudioVersion = 15.0.26124.0
MinimumVisualStudioVersion = 15.0.26124.0
Project("{2150E333-8FDC-42A3-9474-1A3956D46DE8}") = "src", "src", "{6EDE2621-7AA5-4056-BE67-F2E36D46F2F5}"
EndProject
Project("{FAE04EC0-301F-11D3-BF4B-00C04F79EFBC}") = "Graph", "src\Graph\Graph.csproj", "{755FF6A5-B4B4-49F6-AF49-3B6DEADDACFE}"
EndProject
Project("{2150E333-8FDC-42A3-9474-1A3956D46DE8}") = "tests", "tests", "{E9381CF1-2E72-43E9-98CB-93E626A308F2}"
EndProject
Project("{FAE04EC0-301F-11D3-BF4B-00C04F79EFBC}") = "Graph.Tests", "tests\Graph.Tests\Graph.Tests.csproj", "{46FC6EB9-0AD6-4073-B4D8-255727A7097D}"
EndProject
Project("{FAE04EC0-301F-11D3-BF4B-00C04F79EFBC}") = "PriorityQueue", "src\PriorityQueue\PriorityQueue.csproj", "{E6EA8F5E-527C-4E7C-AF35-14403C615732}"
EndProject
Project("{FAE04EC0-301F-11D3-BF4B-00C04F79EFBC}") = "PriorityQueue.Tests", "tests\PriorityQueue.Tests\PriorityQueue.Tests.csproj", "{FF5344DA-1B03-4BE0-88C8-7E1A319A2E83}"
EndProject
Project("{FAE04EC0-301F-11D3-BF4B-00C04F79EFBC}") = "String", "src\String\String.csproj", "{19BE9B7B-2DF1-4A6D-8506-6D8BC66981B1}"
EndProject
Project("{FAE04EC0-301F-11D3-BF4B-00C04F79EFBC}") = "String.Tests", "tests\String.Tests\String.Tests.csproj", "{E86F3B96-F871-4EF0-B121-8CA2E9C2A2F0}"
EndProject
Project("{FAE04EC0-301F-11D3-BF4B-00C04F79EFBC}") = "Set", "src\Set\Set.csproj", "{31A13469-AB83-4CD4-99E6-29EABEE4469E}"
EndProject
Project("{FAE04EC0-301F-11D3-BF4B-00C04F79EFBC}") = "Set.Tests", "tests\Set.Tests\Set.Tests.csproj", "{DCBA0929-77E1-43DB-B3F1-A98073FB70D8}"
EndProject
Global
	GlobalSection(SolutionConfigurationPlatforms) = preSolution
		Debug|Any CPU = Debug|Any CPU
		Debug|x64 = Debug|x64
		Debug|x86 = Debug|x86
		Release|Any CPU = Release|Any CPU
		Release|x64 = Release|x64
		Release|x86 = Release|x86
	EndGlobalSection
	GlobalSection(SolutionProperties) = preSolution
		HideSolutionNode = FALSE
	EndGlobalSection
	GlobalSection(ProjectConfigurationPlatforms) = postSolution
		{755FF6A5-B4B4-49F6-AF49-3B6DEADDACFE}.Debug|Any CPU.ActiveCfg = Debug|Any CPU
		{755FF6A5-B4B4-49F6-AF49-3B6DEADDACFE}.Debug|Any CPU.Build.0 = Debug|Any CPU
		{755FF6A5-B4B4-49F6-AF49-3B6DEADDACFE}.Debug|x64.ActiveCfg = Debug|Any CPU
		{755FF6A5-B4B4-49F6-AF49-3B6DEADDACFE}.Debug|x64.Build.0 = Debug|Any CPU
		{755FF6A5-B4B4-49F6-AF49-3B6DEADDACFE}.Debug|x86.ActiveCfg = Debug|Any CPU
		{755FF6A5-B4B4-49F6-AF49-3B6DEADDACFE}.Debug|x86.Build.0 = Debug|Any CPU
		{755FF6A5-B4B4-49F6-AF49-3B6DEADDACFE}.Release|Any CPU.ActiveCfg = Release|Any CPU
		{755FF6A5-B4B4-49F6-AF49-3B6DEADDACFE}.Release|Any CPU.Build.0 = Release|Any CPU
		{755FF6A5-B4B4-49F6-AF49-3B6DEADDACFE}.Release|x64.ActiveCfg = Release|Any CPU
		{755FF6A5-B4B4-49F6-AF49-3B6DEADDACFE}.Release|x64.Build.0 = Release|Any CPU
		{755FF6A5-B4B4-49F6-AF49-3B6DEADDACFE}.Release|x86.ActiveCfg = Release|Any CPU
		{755FF6A5-B4B4-49F6-AF49-3B6DEADDACFE}.Release|x86.Build.0 = Release|Any CPU
		{46FC6EB9-0AD6-4073-B4D8-255727A7097D}.Debug|Any CPU.ActiveCfg = Debug|Any CPU
		{46FC6EB9-0AD6-4073-B4D8-255727A7097D}.Debug|Any CPU.Build.0 = Debug|Any CPU
		{46FC6EB9-0AD6-4073-B4D8-255727A7097D}.Debug|x64.ActiveCfg = Debug|Any CPU
		{46FC6EB9-0AD6-4073-B4D8-255727A7097D}.Debug|x64.Build.0 = Debug|Any CPU
		{46FC6EB9-0AD6-4073-B4D8-255727A7097D}.Debug|x86.ActiveCfg = Debug|Any CPU
		{46FC6EB9-0AD6-4073-B4D8-255727A7097D}.Debug|x86.Build.0 = Debug|Any CPU
		{46FC6EB9-0AD6-4073-B4D8-255727A7097D}.Release|Any CPU.ActiveCfg = Release|Any CPU
		{46FC6EB9-0AD6-4073-B4D8-255727A7097D}.Release|Any CPU.Build.0 = Release|Any CPU
		{46FC6EB9-0AD6-4073-B4D8-255727A7097D}.Release|x64.ActiveCfg = Release|Any CPU
		{46FC6EB9-0AD6-4073-B4D8-255727A7097D}.Release|x64.Build.0 = Release|Any CPU
		{46FC6EB9-0AD6-4073-B4D8-255727A7097D}.Release|x86.ActiveCfg = Release|Any CPU
		{46FC6EB9-0AD6-4073-B4D8-255727A7097D}.Release|x86.Build.0 = Release|Any CPU
		{E6EA8F5E-527C-4E7C-AF35-14403C615732}.Debug|Any CPU.ActiveCfg = Debug|Any CPU
		{E6EA8F5E-527C-4E7C-AF35-14403C615732}.Debug|Any CPU.Build.0 = Debug|Any CPU
		{E6EA8F5E-527C-4E7C-AF35-14403C615732}.Debug|x64.ActiveCfg = Debug|Any CPU
		{E6EA8F5E-527C-4E7C-AF35-14403C615732}.Debug|x64.Build.0 = Debug|Any CPU
		{E6EA8F5E-527C-4E7C-AF35-14403C615732}.Debug|x86.ActiveCfg = Debug|Any CPU
		{E6EA8F5E-527C-4E7C-AF35-14403C615732}.Debug|x86.Build.0 = Debug|Any CPU
		{E6EA8F5E-527C-4E7C-AF35-14403C615732}.Release|Any CPU.ActiveCfg = Release|Any CPU
		{E6EA8F5E-527C-4E7C-AF35-14403C615732}.Release|Any CPU.Build.0 = Release|Any CPU
		{E6EA8F5E-527C-4E7C-AF35-14403C615732}.Release|x64.ActiveCfg = Release|Any CPU
		{E6EA8F5E-527C-4E7C-AF35-14403C615732}.Release|x64.Build.0 = Release|Any CPU
		{E6EA8F5E-527C-4E7C-AF35-14403C615732}.Release|x86.ActiveCfg = Release|Any CPU
		{E6EA8F5E-527C-4E7C-AF35-14403C615732}.Release|x86.Build.0 = Release|Any CPU
		{FF5344DA-1B03-4BE0-88C8-7E1A319A2E83}.Debug|Any CPU.ActiveCfg = Debug|Any CPU
		{FF5344DA-1B03-4BE0-88C8-7E1A319A2E83}.Debug|Any CPU.Build.0 = Debug|Any CPU
		{FF5344DA-1B03-4BE0-88C8-7E1A319A2E83}.Debug|x64.ActiveCfg = Debug|Any CPU
		{FF5344DA-1B03-4BE0-88C8-7E1A319A2E83}.Debug|x64.Build.0 = Debug|Any CPU
		{FF5344DA-1B03-4BE0-88C8-7E1A319A2E83}.Debug|x86.ActiveCfg = Debug|Any CPU
		{FF5344DA-1B03-4BE0-88C8-7E1A319A2E83}.Debug|x86.Build.0 = Debug|Any CPU
		{FF5344DA-1B03-4BE0-88C8-7E1A319A2E83}.Release|Any CPU.ActiveCfg = Release|Any CPU
		{FF5344DA-1B03-4BE0-88C8-7E1A319A2E83}.Release|Any CPU.Build.0 = Release|Any CPU
		{FF5344DA-1B03-4BE0-88C8-7E1A319A2E83}.Release|x64.ActiveCfg = Release|Any CPU
		{FF5344DA-1B03-4BE0-88C8-7E1A319A2E83}.Release|x64.Build.0 = Release|Any CPU
		{FF5344DA-1B03-4BE0-88C8-7E1A319A2E83}.Release|x86.ActiveCfg = Release|Any CPU
		{FF5344DA-1B03-4BE0-88C8-7E1A319A2E83}.Release|x86.Build.0 = Release|Any CPU
		{19BE9B7B-2DF1-4A6D-8506-6D8BC66981B1}.Debug|Any CPU.ActiveCfg = Debug|Any CPU
		{19BE9B7B-2DF1-4A6D-8506-6D8BC66981B1}.Debug|Any CPU.Build.0 = Debug|Any CPU
		{19BE9B7B-2DF1-4A6D-8506-6D8BC66981B1}.Debug|x64.ActiveCfg = Debug|Any CPU
		{19BE9B7B-2DF1-4A6D-8506-6D8BC66981B1}.Debug|x64.Build.0 = Debug|Any CPU
		{19BE9B7B-2DF1-4A6D-8506-6D8BC66981B1}.Debug|x86.ActiveCfg = Debug|Any CPU
		{19BE9B7B-2DF1-4A6D-8506-6D8BC66981B1}.Debug|x86.Build.0 = Debug|Any CPU
		{19BE9B7B-2DF1-4A6D-8506-6D8BC66981B1}.Release|Any CPU.ActiveCfg = Release|Any CPU
		{19BE9B7B-2DF1-4A6D-8506-6D8BC66981B1}.Release|Any CPU.Build.0 = Release|Any CPU
		{19BE9B7B-2DF1-4A6D-8506-6D8BC66981B1}.Release|x64.ActiveCfg = Release|Any CPU
		{19BE9B7B-2DF1-4A6D-8506-6D8BC66981B1}.Release|x64.Build.0 = Release|Any CPU
		{19BE9B7B-2DF1-4A6D-8506-6D8BC66981B1}.Release|x86.ActiveCfg = Release|Any CPU
		{19BE9B7B-2DF1-4A6D-8506-6D8BC66981B1}.Release|x86.Build.0 = Release|Any CPU
		{E86F3B96-F871-4EF0-B121-8CA2E9C2A2F0}.Debug|Any CPU.ActiveCfg = Debug|Any CPU
		{E86F3B96-F871-4EF0-B121-8CA2E9C2A2F0}.Debug|Any CPU.Build.0 = Debug|Any CPU
		{E86F3B96-F871-4EF0-B121-8CA2E9C2A2F0}.Debug|x64.ActiveCfg = Debug|Any CPU
		{E86F3B96-F871-4EF0-B121-8CA2E9C2A2F0}.Debug|x64.Build.0 = Debug|Any CPU
		{E86F3B96-F871-4EF0-B121-8CA2E9C2A2F0}.Debug|x86.ActiveCfg = Debug|Any CPU
		{E86F3B96-F871-4EF0-B121-8CA2E9C2A2F0}.Debug|x86.Build.0 = Debug|Any CPU
		{E86F3B96-F871-4EF0-B121-8CA2E9C2A2F0}.Release|Any CPU.ActiveCfg = Release|Any CPU
		{E86F3B96-F871-4EF0-B121-8CA2E9C2A2F0}.Release|Any CPU.Build.0 = Release|Any CPU
		{E86F3B96-F871-4EF0-B121-8CA2E9C2A2F0}.Release|x64.ActiveCfg = Release|Any CPU
		{E86F3B96-F871-4EF0-B121-8CA2E9C2A2F0}.Release|x64.Build.0 = Release|Any CPU
		{E86F3B96-F871-4EF0-B121-8CA2E9C2A2F0}.Release|x86.ActiveCfg = Release|Any CPU
		{E86F3B96-F871-4EF0-B121-8CA2E9C2A2F0}.Release|x86.Build.0 = Release|Any CPU
		{31A13469-AB83-4CD4-99E6-29EABEE4469E}.Debug|Any CPU.ActiveCfg = Debug|Any CPU
		{31A13469-AB83-4CD4-99E6-29EABEE4469E}.Debug|Any CPU.Build.0 = Debug|Any CPU
		{31A13469-AB83-4CD4-99E6-29EABEE4469E}.Debug|x64.ActiveCfg = Debug|Any CPU
		{31A13469-AB83-4CD4-99E6-29EABEE4469E}.Debug|x64.Build.0 = Debug|Any CPU
		{31A13469-AB83-4CD4-99E6-29EABEE4469E}.Debug|x86.ActiveCfg = Debug|Any CPU
		{31A13469-AB83-4CD4-99E6-29EABEE4469E}.Debug|x86.Build.0 = Debug|Any CPU
		{31A13469-AB83-4CD4-99E6-29EABEE4469E}.Release|Any CPU.ActiveCfg = Release|Any CPU
		{31A13469-AB83-4CD4-99E6-29EABEE4469E}.Release|Any CPU.Build.0 = Release|Any CPU
		{31A13469-AB83-4CD4-99E6-29EABEE4469E}.Release|x64.ActiveCfg = Release|Any CPU
		{31A13469-AB83-4CD4-99E6-29EABEE4469E}.Release|x64.Build.0 = Release|Any CPU
		{31A13469-AB83-4CD4-99E6-29EABEE4469E}.Release|x86.ActiveCfg = Release|Any CPU
		{31A13469-AB83-4CD4-99E6-29EABEE4469E}.Release|x86.Build.0 = Release|Any CPU
		{DCBA0929-77E1-43DB-B3F1-A98073FB70D8}.Debug|Any CPU.ActiveCfg = Debug|Any CPU
		{DCBA0929-77E1-43DB-B3F1-A98073FB70D8}.Debug|Any CPU.Build.0 = Debug|Any CPU
		{DCBA0929-77E1-43DB-B3F1-A98073FB70D8}.Debug|x64.ActiveCfg = Debug|Any CPU
		{DCBA0929-77E1-43DB-B3F1-A98073FB70D8}.Debug|x64.Build.0 = Debug|Any CPU
		{DCBA0929-77E1-43DB-B3F1-A98073FB70D8}.Debug|x86.ActiveCfg = Debug|Any CPU
		{DCBA0929-77E1-43DB-B3F1-A98073FB70D8}.Debug|x86.Build.0 = Debug|Any CPU
		{DCBA0929-77E1-43DB-B3F1-A98073FB70D8}.Release|Any CPU.ActiveCfg = Release|Any CPU
		{DCBA0929-77E1-43DB-B3F1-A98073FB70D8}.Release|Any CPU.Build.0 = Release|Any CPU
		{DCBA0929-77E1-43DB-B3F1-A98073FB70D8}.Release|x64.ActiveCfg = Release|Any CPU
		{DCBA0929-77E1-43DB-B3F1-A98073FB70D8}.Release|x64.Build.0 = Release|Any CPU
		{DCBA0929-77E1-43DB-B3F1-A98073FB70D8}.Release|x86.ActiveCfg = Release|Any CPU
		{DCBA0929-77E1-43DB-B3F1-A98073FB70D8}.Release|x86.Build.0 = Release|Any CPU
	EndGlobalSection
	GlobalSection(NestedProjects) = preSolution
		{755FF6A5-B4B4-49F6-AF49-3B6DEADDACFE} = {6EDE2621-7AA5-4056-BE67-F2E36D46F2F5}
		{46FC6EB9-0AD6-4073-B4D8-255727A7097D} = {E9381CF1-2E72-43E9-98CB-93E626A308F2}
		{E6EA8F5E-527C-4E7C-AF35-14403C615732} = {6EDE2621-7AA5-4056-BE67-F2E36D46F2F5}
		{FF5344DA-1B03-4BE0-88C8-7E1A319A2E83} = {E9381CF1-2E72-43E9-98CB-93E626A308F2}
		{19BE9B7B-2DF1-4A6D-8506-6D8BC66981B1} = {6EDE2621-7AA5-4056-BE67-F2E36D46F2F5}
		{E86F3B96-F871-4EF0-B121-8CA2E9C2A2F0} = {E9381CF1-2E72-43E9-98CB-93E626A308F2}
		{31A13469-AB83-4CD4-99E6-29EABEE4469E} = {6EDE2621-7AA5-4056-BE67-F2E36D46F2F5}
		{DCBA0929-77E1-43DB-B3F1-A98073FB70D8} = {E9381CF1-2E72-43E9-98CB-93E626A308F2}
	EndGlobalSection
EndGlobal
